
Microsoft Visual Studio Solution File, Format Version 12.00
# Visual Studio 14
VisualStudioVersion = 14.0.25420.1
MinimumVisualStudioVersion = 10.0.40219.1
Project("{FAE04EC0-301F-11D3-BF4B-00C04F79EFBC}") = "ProjekatSIMS", "ProjekatSIMS\ProjekatSIMS.csproj", "{347050C8-0CB7-4E5C-8D6D-11465A369A30}"
EndProject
Global
	GlobalSection(SolutionConfigurationPlatforms) = preSolution
		Debug|Any CPU = Debug|Any CPU
		Release|Any CPU = Release|Any CPU
	EndGlobalSection
	GlobalSection(ProjectConfigurationPlatforms) = postSolution
		{347050C8-0CB7-4E5C-8D6D-11465A369A30}.Debug|Any CPU.ActiveCfg = Debug|Any CPU
		{347050C8-0CB7-4E5C-8D6D-11465A369A30}.Debug|Any CPU.Build.0 = Debug|Any CPU
		{347050C8-0CB7-4E5C-8D6D-11465A369A30}.Release|Any CPU.ActiveCfg = Release|Any CPU
		{347050C8-0CB7-4E5C-8D6D-11465A369A30}.Release|Any CPU.Build.0 = Release|Any CPU
	EndGlobalSection
	GlobalSection(SolutionProperties) = preSolution
		HideSolutionNode = FALSE
	EndGlobalSection
EndGlobal
